
Microsoft Visual Studio Solution File, Format Version 12.00
# Visual Studio 15
VisualStudioVersion = 15.0.27703.2026
MinimumVisualStudioVersion = 10.0.40219.1
Project("{FAE04EC0-301F-11D3-BF4B-00C04F79EFBC}") = "FolderMove", "FolderMove\FolderMove.csproj", "{75AEEBF0-5815-4BC1-AD9D-89E10DE1C2AC}"
EndProject
Global
	GlobalSection(SolutionConfigurationPlatforms) = preSolution
		Debug|Any CPU = Debug|Any CPU
		Release|Any CPU = Release|Any CPU
	EndGlobalSection
	GlobalSection(ProjectConfigurationPlatforms) = postSolution
		{75AEEBF0-5815-4BC1-AD9D-89E10DE1C2AC}.Debug|Any CPU.ActiveCfg = Debug|Any CPU
		{75AEEBF0-5815-4BC1-AD9D-89E10DE1C2AC}.Debug|Any CPU.Build.0 = Debug|Any CPU
		{75AEEBF0-5815-4BC1-AD9D-89E10DE1C2AC}.Release|Any CPU.ActiveCfg = Release|Any CPU
		{75AEEBF0-5815-4BC1-AD9D-89E10DE1C2AC}.Release|Any CPU.Build.0 = Release|Any CPU
	EndGlobalSection
	GlobalSection(SolutionProperties) = preSolution
		HideSolutionNode = FALSE
	EndGlobalSection
	GlobalSection(ExtensibilityGlobals) = postSolution
		SolutionGuid = {0C3CFA92-DFAE-43E8-9FF2-8A86C3EA060A}
	EndGlobalSection
EndGlobal
